
Microsoft Visual Studio Solution File, Format Version 12.00
# Visual Studio Version 17
VisualStudioVersion = 17.7.34031.279
MinimumVisualStudioVersion = 10.0.40219.1
Project("{FAE04EC0-301F-11D3-BF4B-00C04F79EFBC}") = "28.7", "28.7\28.7.csproj", "{5076E943-ED4A-4FB4-947C-F6B68C98E539}"
EndProject
Global
	GlobalSection(SolutionConfigurationPlatforms) = preSolution
		Debug|Any CPU = Debug|Any CPU
		Release|Any CPU = Release|Any CPU
	EndGlobalSection
	GlobalSection(ProjectConfigurationPlatforms) = postSolution
		{5076E943-ED4A-4FB4-947C-F6B68C98E539}.Debug|Any CPU.ActiveCfg = Debug|Any CPU
		{5076E943-ED4A-4FB4-947C-F6B68C98E539}.Debug|Any CPU.Build.0 = Debug|Any CPU
		{5076E943-ED4A-4FB4-947C-F6B68C98E539}.Release|Any CPU.ActiveCfg = Release|Any CPU
		{5076E943-ED4A-4FB4-947C-F6B68C98E539}.Release|Any CPU.Build.0 = Release|Any CPU
	EndGlobalSection
	GlobalSection(SolutionProperties) = preSolution
		HideSolutionNode = FALSE
	EndGlobalSection
	GlobalSection(ExtensibilityGlobals) = postSolution
		SolutionGuid = {84714425-2F46-44CF-A068-DBD5D3E1B589}
	EndGlobalSection
EndGlobal
